
Microsoft Visual Studio Solution File, Format Version 12.00
# Visual Studio Version 17
VisualStudioVersion = 17.0.31903.59
MinimumVisualStudioVersion = 10.0.40219.1
Project("{FAE04EC0-301F-11D3-BF4B-00C04F79EFBC}") = "API", "API\API.csproj", "{9F7DCF8B-CCA6-4D5B-8B98-82C946F6F7A7}"
EndProject
Project("{FAE04EC0-301F-11D3-BF4B-00C04F79EFBC}") = "Application", "Application\Application.csproj", "{03711383-E467-4745-B1CA-F2E45E284012}"
EndProject
Project("{FAE04EC0-301F-11D3-BF4B-00C04F79EFBC}") = "Domain", "Domain\Domain.csproj", "{C32A23FA-8337-4AE2-825B-84DDF24313D4}"
EndProject
Project("{FAE04EC0-301F-11D3-BF4B-00C04F79EFBC}") = "Persistence", "Persistence\Persistence.csproj", "{CB9E4207-F4E2-4872-A3E6-F8063D4E8D26}"
EndProject
Global
	GlobalSection(SolutionConfigurationPlatforms) = preSolution
		Debug|Any CPU = Debug|Any CPU
		Debug|x64 = Debug|x64
		Debug|x86 = Debug|x86
		Release|Any CPU = Release|Any CPU
		Release|x64 = Release|x64
		Release|x86 = Release|x86
	EndGlobalSection
	GlobalSection(ProjectConfigurationPlatforms) = postSolution
		{9F7DCF8B-CCA6-4D5B-8B98-82C946F6F7A7}.Debug|Any CPU.ActiveCfg = Debug|Any CPU
		{9F7DCF8B-CCA6-4D5B-8B98-82C946F6F7A7}.Debug|Any CPU.Build.0 = Debug|Any CPU
		{9F7DCF8B-CCA6-4D5B-8B98-82C946F6F7A7}.Debug|x64.ActiveCfg = Debug|Any CPU
		{9F7DCF8B-CCA6-4D5B-8B98-82C946F6F7A7}.Debug|x64.Build.0 = Debug|Any CPU
		{9F7DCF8B-CCA6-4D5B-8B98-82C946F6F7A7}.Debug|x86.ActiveCfg = Debug|Any CPU
		{9F7DCF8B-CCA6-4D5B-8B98-82C946F6F7A7}.Debug|x86.Build.0 = Debug|Any CPU
		{9F7DCF8B-CCA6-4D5B-8B98-82C946F6F7A7}.Release|Any CPU.ActiveCfg = Release|Any CPU
		{9F7DCF8B-CCA6-4D5B-8B98-82C946F6F7A7}.Release|Any CPU.Build.0 = Release|Any CPU
		{9F7DCF8B-CCA6-4D5B-8B98-82C946F6F7A7}.Release|x64.ActiveCfg = Release|Any CPU
		{9F7DCF8B-CCA6-4D5B-8B98-82C946F6F7A7}.Release|x64.Build.0 = Release|Any CPU
		{9F7DCF8B-CCA6-4D5B-8B98-82C946F6F7A7}.Release|x86.ActiveCfg = Release|Any CPU
		{9F7DCF8B-CCA6-4D5B-8B98-82C946F6F7A7}.Release|x86.Build.0 = Release|Any CPU
		{03711383-E467-4745-B1CA-F2E45E284012}.Debug|Any CPU.ActiveCfg = Debug|Any CPU
		{03711383-E467-4745-B1CA-F2E45E284012}.Debug|Any CPU.Build.0 = Debug|Any CPU
		{03711383-E467-4745-B1CA-F2E45E284012}.Debug|x64.ActiveCfg = Debug|Any CPU
		{03711383-E467-4745-B1CA-F2E45E284012}.Debug|x64.Build.0 = Debug|Any CPU
		{03711383-E467-4745-B1CA-F2E45E284012}.Debug|x86.ActiveCfg = Debug|Any CPU
		{03711383-E467-4745-B1CA-F2E45E284012}.Debug|x86.Build.0 = Debug|Any CPU
		{03711383-E467-4745-B1CA-F2E45E284012}.Release|Any CPU.ActiveCfg = Release|Any CPU
		{03711383-E467-4745-B1CA-F2E45E284012}.Release|Any CPU.Build.0 = Release|Any CPU
		{03711383-E467-4745-B1CA-F2E45E284012}.Release|x64.ActiveCfg = Release|Any CPU
		{03711383-E467-4745-B1CA-F2E45E284012}.Release|x64.Build.0 = Release|Any CPU
		{03711383-E467-4745-B1CA-F2E45E284012}.Release|x86.ActiveCfg = Release|Any CPU
		{03711383-E467-4745-B1CA-F2E45E284012}.Release|x86.Build.0 = Release|Any CPU
		{C32A23FA-8337-4AE2-825B-84DDF24313D4}.Debug|Any CPU.ActiveCfg = Debug|Any CPU
		{C32A23FA-8337-4AE2-825B-84DDF24313D4}.Debug|Any CPU.Build.0 = Debug|Any CPU
		{C32A23FA-8337-4AE2-825B-84DDF24313D4}.Debug|x64.ActiveCfg = Debug|Any CPU
		{C32A23FA-8337-4AE2-825B-84DDF24313D4}.Debug|x64.Build.0 = Debug|Any CPU
		{C32A23FA-8337-4AE2-825B-84DDF24313D4}.Debug|x86.ActiveCfg = Debug|Any CPU
		{C32A23FA-8337-4AE2-825B-84DDF24313D4}.Debug|x86.Build.0 = Debug|Any CPU
		{C32A23FA-8337-4AE2-825B-84DDF24313D4}.Release|Any CPU.ActiveCfg = Release|Any CPU
		{C32A23FA-8337-4AE2-825B-84DDF24313D4}.Release|Any CPU.Build.0 = Release|Any CPU
		{C32A23FA-8337-4AE2-825B-84DDF24313D4}.Release|x64.ActiveCfg = Release|Any CPU
		{C32A23FA-8337-4AE2-825B-84DDF24313D4}.Release|x64.Build.0 = Release|Any CPU
		{C32A23FA-8337-4AE2-825B-84DDF24313D4}.Release|x86.ActiveCfg = Release|Any CPU
		{C32A23FA-8337-4AE2-825B-84DDF24313D4}.Release|x86.Build.0 = Release|Any CPU
		{CB9E4207-F4E2-4872-A3E6-F8063D4E8D26}.Debug|Any CPU.ActiveCfg = Debug|Any CPU
		{CB9E4207-F4E2-4872-A3E6-F8063D4E8D26}.Debug|Any CPU.Build.0 = Debug|Any CPU
		{CB9E4207-F4E2-4872-A3E6-F8063D4E8D26}.Debug|x64.ActiveCfg = Debug|Any CPU
		{CB9E4207-F4E2-4872-A3E6-F8063D4E8D26}.Debug|x64.Build.0 = Debug|Any CPU
		{CB9E4207-F4E2-4872-A3E6-F8063D4E8D26}.Debug|x86.ActiveCfg = Debug|Any CPU
		{CB9E4207-F4E2-4872-A3E6-F8063D4E8D26}.Debug|x86.Build.0 = Debug|Any CPU
		{CB9E4207-F4E2-4872-A3E6-F8063D4E8D26}.Release|Any CPU.ActiveCfg = Release|Any CPU
		{CB9E4207-F4E2-4872-A3E6-F8063D4E8D26}.Release|Any CPU.Build.0 = Release|Any CPU
		{CB9E4207-F4E2-4872-A3E6-F8063D4E8D26}.Release|x64.ActiveCfg = Release|Any CPU
		{CB9E4207-F4E2-4872-A3E6-F8063D4E8D26}.Release|x64.Build.0 = Release|Any CPU
		{CB9E4207-F4E2-4872-A3E6-F8063D4E8D26}.Release|x86.ActiveCfg = Release|Any CPU
		{CB9E4207-F4E2-4872-A3E6-F8063D4E8D26}.Release|x86.Build.0 = Release|Any CPU
	EndGlobalSection
	GlobalSection(SolutionProperties) = preSolution
		HideSolutionNode = FALSE
	EndGlobalSection
EndGlobal
